
Microsoft Visual Studio Solution File, Format Version 12.00
# Visual Studio 15
VisualStudioVersion = 15.0.27130.0
MinimumVisualStudioVersion = 10.0.40219.1
Project("{FAE04EC0-301F-11D3-BF4B-00C04F79EFBC}") = "Rose", "Rose\Rose.csproj", "{B6B90E98-63F2-4118-A744-F82AAF6B9ADF}"
EndProject
Project("{FAE04EC0-301F-11D3-BF4B-00C04F79EFBC}") = "RoseUI", "RoseUI\RoseUI.csproj", "{65EE1533-134A-4897-91D9-006767C196E2}"
EndProject
Project("{2150E333-8FDC-42A3-9474-1A3956D46DE8}") = "Solution Items", "Solution Items", "{69EAFD12-647F-45FA-A036-548C2A4347B7}"
EndProject
Global
	GlobalSection(SolutionConfigurationPlatforms) = preSolution
		Debug|Any CPU = Debug|Any CPU
		Release|Any CPU = Release|Any CPU
	EndGlobalSection
	GlobalSection(ProjectConfigurationPlatforms) = postSolution
		{B6B90E98-63F2-4118-A744-F82AAF6B9ADF}.Debug|Any CPU.ActiveCfg = Debug|Any CPU
		{B6B90E98-63F2-4118-A744-F82AAF6B9ADF}.Debug|Any CPU.Build.0 = Debug|Any CPU
		{B6B90E98-63F2-4118-A744-F82AAF6B9ADF}.Release|Any CPU.ActiveCfg = Release|Any CPU
		{B6B90E98-63F2-4118-A744-F82AAF6B9ADF}.Release|Any CPU.Build.0 = Release|Any CPU
		{65EE1533-134A-4897-91D9-006767C196E2}.Debug|Any CPU.ActiveCfg = Debug|Any CPU
		{65EE1533-134A-4897-91D9-006767C196E2}.Debug|Any CPU.Build.0 = Debug|Any CPU
		{65EE1533-134A-4897-91D9-006767C196E2}.Release|Any CPU.ActiveCfg = Release|Any CPU
		{65EE1533-134A-4897-91D9-006767C196E2}.Release|Any CPU.Build.0 = Release|Any CPU
	EndGlobalSection
	GlobalSection(SolutionProperties) = preSolution
		HideSolutionNode = FALSE
	EndGlobalSection
	GlobalSection(ExtensibilityGlobals) = postSolution
		SolutionGuid = {A6FAA9A4-C429-4F32-829D-807A278867BF}
	EndGlobalSection
EndGlobal
